
Microsoft Visual Studio Solution File, Format Version 12.00
# Visual Studio Version 17
VisualStudioVersion = 17.0.31903.59
MinimumVisualStudioVersion = 10.0.40219.1
Project("{FAE04EC0-301F-11D3-BF4B-00C04F79EFBC}") = "BackendSoulBeats.API", "BackendSoulBeats.API\BackendSoulBeats.API.csproj", "{099D744E-0A03-49D0-8072-1BDEDD84432D}"
EndProject
Project("{FAE04EC0-301F-11D3-BF4B-00C04F79EFBC}") = "BackendSoulBeats.Domain", "BackendSoulBeats.Domain\BackendSoulBeats.Domain.csproj", "{776CFD58-648B-4B89-B5AF-8411CED386BA}"
EndProject
Project("{FAE04EC0-301F-11D3-BF4B-00C04F79EFBC}") = "BackendSoulBeats.Infra", "BackendSoulBeats.Infra\BackendSoulBeats.Infra.csproj", "{4C52856D-C27F-4CFE-9AC7-B16610385285}"
EndProject
Project("{FAE04EC0-301F-11D3-BF4B-00C04F79EFBC}") = "BackendSoulBeats.UnitTests", "BackendSoulBeats.UnitTests\BackendSoulBeats.UnitTests.csproj", "{59B5E600-4F2E-4B1D-83C7-5B0FC8998798}"
EndProject
Project("{FAE04EC0-301F-11D3-BF4B-00C04F79EFBC}") = "BackendSoulBeats.IntegrationTests", "BackendSoulBeats.IntegrationTests\BackendSoulBeats.IntegrationTests.csproj", "{C7655644-A6EE-482A-B219-22AB0A143472}"
EndProject
Global
	GlobalSection(SolutionConfigurationPlatforms) = preSolution
		Debug|Any CPU = Debug|Any CPU
		Release|Any CPU = Release|Any CPU
	EndGlobalSection
	GlobalSection(SolutionProperties) = preSolution
		HideSolutionNode = FALSE
	EndGlobalSection
	GlobalSection(ProjectConfigurationPlatforms) = postSolution
		{099D744E-0A03-49D0-8072-1BDEDD84432D}.Debug|Any CPU.ActiveCfg = Debug|Any CPU
		{099D744E-0A03-49D0-8072-1BDEDD84432D}.Debug|Any CPU.Build.0 = Debug|Any CPU
		{099D744E-0A03-49D0-8072-1BDEDD84432D}.Release|Any CPU.ActiveCfg = Release|Any CPU
		{099D744E-0A03-49D0-8072-1BDEDD84432D}.Release|Any CPU.Build.0 = Release|Any CPU
		{776CFD58-648B-4B89-B5AF-8411CED386BA}.Debug|Any CPU.ActiveCfg = Debug|Any CPU
		{776CFD58-648B-4B89-B5AF-8411CED386BA}.Debug|Any CPU.Build.0 = Debug|Any CPU
		{776CFD58-648B-4B89-B5AF-8411CED386BA}.Release|Any CPU.ActiveCfg = Release|Any CPU
		{776CFD58-648B-4B89-B5AF-8411CED386BA}.Release|Any CPU.Build.0 = Release|Any CPU
		{4C52856D-C27F-4CFE-9AC7-B16610385285}.Debug|Any CPU.ActiveCfg = Debug|Any CPU
		{4C52856D-C27F-4CFE-9AC7-B16610385285}.Debug|Any CPU.Build.0 = Debug|Any CPU
		{4C52856D-C27F-4CFE-9AC7-B16610385285}.Release|Any CPU.ActiveCfg = Release|Any CPU
		{4C52856D-C27F-4CFE-9AC7-B16610385285}.Release|Any CPU.Build.0 = Release|Any CPU
		{59B5E600-4F2E-4B1D-83C7-5B0FC8998798}.Debug|Any CPU.ActiveCfg = Debug|Any CPU
		{59B5E600-4F2E-4B1D-83C7-5B0FC8998798}.Debug|Any CPU.Build.0 = Debug|Any CPU
		{59B5E600-4F2E-4B1D-83C7-5B0FC8998798}.Release|Any CPU.ActiveCfg = Release|Any CPU
		{59B5E600-4F2E-4B1D-83C7-5B0FC8998798}.Release|Any CPU.Build.0 = Release|Any CPU
		{C7655644-A6EE-482A-B219-22AB0A143472}.Debug|Any CPU.ActiveCfg = Debug|Any CPU
		{C7655644-A6EE-482A-B219-22AB0A143472}.Debug|Any CPU.Build.0 = Debug|Any CPU
		{C7655644-A6EE-482A-B219-22AB0A143472}.Release|Any CPU.ActiveCfg = Release|Any CPU
		{C7655644-A6EE-482A-B219-22AB0A143472}.Release|Any CPU.Build.0 = Release|Any CPU
	EndGlobalSection
EndGlobal
